// !$*UTF8*$!
{
	archiveVersion = 1;
	classes = {
	};
	objectVersion = 46;
	objects = {

/* Begin PBXBuildFile section */
		781D6E7C16C8E95D0003BD09 /* SVProgressHUD.bundle in Resources */ = {isa = PBXBuildFile; fileRef = 781D6E7916C8E95D0003BD09 /* SVProgressHUD.bundle */; };
		781D6E7D16C8E95D0003BD09 /* SVProgressHUD.bundle in Resources */ = {isa = PBXBuildFile; fileRef = 781D6E7916C8E95D0003BD09 /* SVProgressHUD.bundle */; };
		781D6E7E16C8E95D0003BD09 /* SVProgressHUD.m in Sources */ = {isa = PBXBuildFile; fileRef = 781D6E7B16C8E95D0003BD09 /* SVProgressHUD.m */; };
		781D6E7F16C8E95D0003BD09 /* SVProgressHUD.m in Sources */ = {isa = PBXBuildFile; fileRef = 781D6E7B16C8E95D0003BD09 /* SVProgressHUD.m */; };
		781D6E8116C8EA5E0003BD09 /* QuartzCore.framework in Frameworks */ = {isa = PBXBuildFile; fileRef = 781D6E8016C8EA5E0003BD09 /* QuartzCore.framework */; };
		78372EF516C7AAD500E1ED37 /* NSObject+SBJson.m in Sources */ = {isa = PBXBuildFile; fileRef = 78372EDD16C7AAD500E1ED37 /* NSObject+SBJson.m */; };
		78372EF616C7AAD500E1ED37 /* NSObject+SBJson.m in Sources */ = {isa = PBXBuildFile; fileRef = 78372EDD16C7AAD500E1ED37 /* NSObject+SBJson.m */; };
		78372EF716C7AAD500E1ED37 /* SBJsonParser.m in Sources */ = {isa = PBXBuildFile; fileRef = 78372EE016C7AAD500E1ED37 /* SBJsonParser.m */; };
		78372EF816C7AAD500E1ED37 /* SBJsonParser.m in Sources */ = {isa = PBXBuildFile; fileRef = 78372EE016C7AAD500E1ED37 /* SBJsonParser.m */; };
		78372EF916C7AAD500E1ED37 /* SBJsonStreamParser.m in Sources */ = {isa = PBXBuildFile; fileRef = 78372EE216C7AAD500E1ED37 /* SBJsonStreamParser.m */; };
		78372EFA16C7AAD500E1ED37 /* SBJsonStreamParser.m in Sources */ = {isa = PBXBuildFile; fileRef = 78372EE216C7AAD500E1ED37 /* SBJsonStreamParser.m */; };
		78372EFB16C7AAD500E1ED37 /* SBJsonStreamParserAccumulator.m in Sources */ = {isa = PBXBuildFile; fileRef = 78372EE416C7AAD500E1ED37 /* SBJsonStreamParserAccumulator.m */; };
		78372EFC16C7AAD500E1ED37 /* SBJsonStreamParserAccumulator.m in Sources */ = {isa = PBXBuildFile; fileRef = 78372EE416C7AAD500E1ED37 /* SBJsonStreamParserAccumulator.m */; };
		78372EFD16C7AAD500E1ED37 /* SBJsonStreamParserAdapter.m in Sources */ = {isa = PBXBuildFile; fileRef = 78372EE616C7AAD500E1ED37 /* SBJsonStreamParserAdapter.m */; };
		78372EFE16C7AAD500E1ED37 /* SBJsonStreamParserAdapter.m in Sources */ = {isa = PBXBuildFile; fileRef = 78372EE616C7AAD500E1ED37 /* SBJsonStreamParserAdapter.m */; };
		78372EFF16C7AAD500E1ED37 /* SBJsonStreamParserState.m in Sources */ = {isa = PBXBuildFile; fileRef = 78372EE816C7AAD500E1ED37 /* SBJsonStreamParserState.m */; };
		78372F0016C7AAD500E1ED37 /* SBJsonStreamParserState.m in Sources */ = {isa = PBXBuildFile; fileRef = 78372EE816C7AAD500E1ED37 /* SBJsonStreamParserState.m */; };
		78372F0116C7AAD500E1ED37 /* SBJsonStreamWriter.m in Sources */ = {isa = PBXBuildFile; fileRef = 78372EEA16C7AAD500E1ED37 /* SBJsonStreamWriter.m */; };
		78372F0216C7AAD500E1ED37 /* SBJsonStreamWriter.m in Sources */ = {isa = PBXBuildFile; fileRef = 78372EEA16C7AAD500E1ED37 /* SBJsonStreamWriter.m */; };
		78372F0316C7AAD500E1ED37 /* SBJsonStreamWriterAccumulator.m in Sources */ = {isa = PBXBuildFile; fileRef = 78372EEC16C7AAD500E1ED37 /* SBJsonStreamWriterAccumulator.m */; };
		78372F0416C7AAD500E1ED37 /* SBJsonStreamWriterAccumulator.m in Sources */ = {isa = PBXBuildFile; fileRef = 78372EEC16C7AAD500E1ED37 /* SBJsonStreamWriterAccumulator.m */; };
		78372F0516C7AAD500E1ED37 /* SBJsonStreamWriterState.m in Sources */ = {isa = PBXBuildFile; fileRef = 78372EEE16C7AAD500E1ED37 /* SBJsonStreamWriterState.m */; };
		78372F0616C7AAD500E1ED37 /* SBJsonStreamWriterState.m in Sources */ = {isa = PBXBuildFile; fileRef = 78372EEE16C7AAD500E1ED37 /* SBJsonStreamWriterState.m */; };
		78372F0716C7AAD500E1ED37 /* SBJsonTokeniser.m in Sources */ = {isa = PBXBuildFile; fileRef = 78372EF016C7AAD500E1ED37 /* SBJsonTokeniser.m */; };
		78372F0816C7AAD500E1ED37 /* SBJsonTokeniser.m in Sources */ = {isa = PBXBuildFile; fileRef = 78372EF016C7AAD500E1ED37 /* SBJsonTokeniser.m */; };
		78372F0916C7AAD500E1ED37 /* SBJsonUTF8Stream.m in Sources */ = {isa = PBXBuildFile; fileRef = 78372EF216C7AAD500E1ED37 /* SBJsonUTF8Stream.m */; };
		78372F0A16C7AAD500E1ED37 /* SBJsonUTF8Stream.m in Sources */ = {isa = PBXBuildFile; fileRef = 78372EF216C7AAD500E1ED37 /* SBJsonUTF8Stream.m */; };
		78372F0B16C7AAD500E1ED37 /* SBJsonWriter.m in Sources */ = {isa = PBXBuildFile; fileRef = 78372EF416C7AAD500E1ED37 /* SBJsonWriter.m */; };
		78372F0C16C7AAD500E1ED37 /* SBJsonWriter.m in Sources */ = {isa = PBXBuildFile; fileRef = 78372EF416C7AAD500E1ED37 /* SBJsonWriter.m */; };
		783CAAF416E6365700C432F7 /* lovedsgn.png in Resources */ = {isa = PBXBuildFile; fileRef = 783CAAF316E6365700C432F7 /* lovedsgn.png */; };
		783CAAF616E63BBD00C432F7 /* unfav.png in Resources */ = {isa = PBXBuildFile; fileRef = 783CAAF516E63BBD00C432F7 /* unfav.png */; };
		786900061698038B00E11631 /* bg.png in Resources */ = {isa = PBXBuildFile; fileRef = 7869FFF41698038B00E11631 /* bg.png */; };
		786900071698038B00E11631 /* BaseListViewCell.m in Sources */ = {isa = PBXBuildFile; fileRef = 7869FFF81698038B00E11631 /* BaseListViewCell.m */; };
		786900081698038B00E11631 /* MainListAuthorViewCellController.m in Sources */ = {isa = PBXBuildFile; fileRef = 7869FFFA1698038B00E11631 /* MainListAuthorViewCellController.m */; };
		786900091698038B00E11631 /* MainListAuthorViewCellController.xib in Resources */ = {isa = PBXBuildFile; fileRef = 7869FFFB1698038B00E11631 /* MainListAuthorViewCellController.xib */; };
		7869000A1698038B00E11631 /* MainListViewCellController.m in Sources */ = {isa = PBXBuildFile; fileRef = 7869FFFD1698038B00E11631 /* MainListViewCellController.m */; };
		7869000B1698038B00E11631 /* MainListViewCellController.xib in Resources */ = {isa = PBXBuildFile; fileRef = 7869FFFE1698038B00E11631 /* MainListViewCellController.xib */; };
		7869000C1698038B00E11631 /* MainListViewController.m in Sources */ = {isa = PBXBuildFile; fileRef = 786900011698038B00E11631 /* MainListViewController.m */; };
		7869000D1698038B00E11631 /* MainListViewController.xib in Resources */ = {isa = PBXBuildFile; fileRef = 786900021698038B00E11631 /* MainListViewController.xib */; };
		7869000E1698038B00E11631 /* Article.m in Sources */ = {isa = PBXBuildFile; fileRef = 786900051698038B00E11631 /* Article.m */; };
		78690012169805B000E11631 /* DetailViewController.m in Sources */ = {isa = PBXBuildFile; fileRef = 78690010169805B000E11631 /* DetailViewController.m */; };
		78690013169805B000E11631 /* DetailViewController.xib in Resources */ = {isa = PBXBuildFile; fileRef = 78690011169805B000E11631 /* DetailViewController.xib */; };
		786900171698508200E11631 /* AnimeListViewController.m in Sources */ = {isa = PBXBuildFile; fileRef = 786900151698508200E11631 /* AnimeListViewController.m */; };
		786900181698508200E11631 /* AnimeListViewController.xib in Resources */ = {isa = PBXBuildFile; fileRef = 786900161698508200E11631 /* AnimeListViewController.xib */; };
		7869001C1698608F00E11631 /* FavoriteListViewController.m in Sources */ = {isa = PBXBuildFile; fileRef = 7869001A1698608F00E11631 /* FavoriteListViewController.m */; };
		7869001D1698608F00E11631 /* FavoriteListViewController.xib in Resources */ = {isa = PBXBuildFile; fileRef = 7869001B1698608F00E11631 /* FavoriteListViewController.xib */; };
		78690021169860AF00E11631 /* ConfigViewController.m in Sources */ = {isa = PBXBuildFile; fileRef = 7869001F169860AF00E11631 /* ConfigViewController.m */; };
		78690022169860AF00E11631 /* ConfigViewController.xib in Resources */ = {isa = PBXBuildFile; fileRef = 78690020169860AF00E11631 /* ConfigViewController.xib */; };
		78690038169B110B00E11631 /* star.png in Resources */ = {isa = PBXBuildFile; fileRef = 78690036169B110B00E11631 /* star.png */; };
		78690039169B110B00E11631 /* home.png in Resources */ = {isa = PBXBuildFile; fileRef = 78690037169B110B00E11631 /* home.png */; };
		7869004D169C61C800E11631 /* libsqlite3.0.dylib in Frameworks */ = {isa = PBXBuildFile; fileRef = 7869004C169C61C800E11631 /* libsqlite3.0.dylib */; };
		78690058169C623800E11631 /* FMDatabase.m in Sources */ = {isa = PBXBuildFile; fileRef = 7869004F169C623800E11631 /* FMDatabase.m */; };
		78690059169C623800E11631 /* FMDatabaseAdditions.m in Sources */ = {isa = PBXBuildFile; fileRef = 78690051169C623800E11631 /* FMDatabaseAdditions.m */; };
		7869005A169C623800E11631 /* FMDatabasePool.m in Sources */ = {isa = PBXBuildFile; fileRef = 78690053169C623800E11631 /* FMDatabasePool.m */; };
		7869005B169C623800E11631 /* FMDatabaseQueue.m in Sources */ = {isa = PBXBuildFile; fileRef = 78690055169C623800E11631 /* FMDatabaseQueue.m */; };
		7869005C169C623800E11631 /* FMResultSet.m in Sources */ = {isa = PBXBuildFile; fileRef = 78690057169C623800E11631 /* FMResultSet.m */; };
		7869FFBF1698023800E11631 /* UIKit.framework in Frameworks */ = {isa = PBXBuildFile; fileRef = 7869FFBE1698023800E11631 /* UIKit.framework */; };
		7869FFC11698023800E11631 /* Foundation.framework in Frameworks */ = {isa = PBXBuildFile; fileRef = 7869FFC01698023800E11631 /* Foundation.framework */; };
		7869FFC31698023800E11631 /* CoreGraphics.framework in Frameworks */ = {isa = PBXBuildFile; fileRef = 7869FFC21698023800E11631 /* CoreGraphics.framework */; };
		7869FFC91698023900E11631 /* InfoPlist.strings in Resources */ = {isa = PBXBuildFile; fileRef = 7869FFC71698023900E11631 /* InfoPlist.strings */; };
		7869FFCB1698023900E11631 /* main.m in Sources */ = {isa = PBXBuildFile; fileRef = 7869FFCA1698023900E11631 /* main.m */; };
		7869FFCF1698023900E11631 /* AppDelegate.m in Sources */ = {isa = PBXBuildFile; fileRef = 7869FFCE1698023900E11631 /* AppDelegate.m */; };
		7869FFD11698023900E11631 /* Default.png in Resources */ = {isa = PBXBuildFile; fileRef = 7869FFD01698023900E11631 /* Default.png */; };
		7869FFD31698023900E11631 /* Default@2x.png in Resources */ = {isa = PBXBuildFile; fileRef = 7869FFD21698023900E11631 /* Default@2x.png */; };
		7869FFD51698023900E11631 /* Default-568h@2x.png in Resources */ = {isa = PBXBuildFile; fileRef = 7869FFD41698023900E11631 /* Default-568h@2x.png */; };
		7869FFDD1698023900E11631 /* SenTestingKit.framework in Frameworks */ = {isa = PBXBuildFile; fileRef = 7869FFDC1698023900E11631 /* SenTestingKit.framework */; };
		7869FFDE1698023900E11631 /* UIKit.framework in Frameworks */ = {isa = PBXBuildFile; fileRef = 7869FFBE1698023800E11631 /* UIKit.framework */; };
		7869FFDF1698023900E11631 /* Foundation.framework in Frameworks */ = {isa = PBXBuildFile; fileRef = 7869FFC01698023800E11631 /* Foundation.framework */; };
		7869FFE71698023900E11631 /* InfoPlist.strings in Resources */ = {isa = PBXBuildFile; fileRef = 7869FFE51698023900E11631 /* InfoPlist.strings */; };
		7869FFEA1698023900E11631 /* saturator_app_iphoneTests.m in Sources */ = {isa = PBXBuildFile; fileRef = 7869FFE91698023900E11631 /* saturator_app_iphoneTests.m */; };
		786A91D716E37E36006D56B3 /* BaseConfig.m in Sources */ = {isa = PBXBuildFile; fileRef = 786A91D616E37E35006D56B3 /* BaseConfig.m */; };
		789A14BA16DA04D700FB0776 /* MainListViewCellWithoutImageController.m in Sources */ = {isa = PBXBuildFile; fileRef = 789A14B816DA04D700FB0776 /* MainListViewCellWithoutImageController.m */; };
		789A14BB16DA04D700FB0776 /* MainListViewCellWithoutImageController.xib in Resources */ = {isa = PBXBuildFile; fileRef = 789A14B916DA04D700FB0776 /* MainListViewCellWithoutImageController.xib */; };
		789A14BF16DA62F100FB0776 /* MainListViewFooterCellController.m in Sources */ = {isa = PBXBuildFile; fileRef = 789A14BD16DA62F100FB0776 /* MainListViewFooterCellController.m */; };
		789A14C016DA62F100FB0776 /* MainListViewFooterCellController.xib in Resources */ = {isa = PBXBuildFile; fileRef = 789A14BE16DA62F100FB0776 /* MainListViewFooterCellController.xib */; };
		789A14C316DE5A2E00FB0776 /* AnimeDataManager.m in Sources */ = {isa = PBXBuildFile; fileRef = 789A14C216DE5A2E00FB0776 /* AnimeDataManager.m */; };
		789A14C616DE5C8000FB0776 /* Anime.m in Sources */ = {isa = PBXBuildFile; fileRef = 789A14C516DE5C8000FB0776 /* Anime.m */; };
		789A14C916DF905700FB0776 /* DataManager.m in Sources */ = {isa = PBXBuildFile; fileRef = 789A14C816DF905700FB0776 /* DataManager.m */; };
		78AA61C616A5A22F00A1CAC4 /* ArticleDataManager.m in Sources */ = {isa = PBXBuildFile; fileRef = 78AA61C516A5A22F00A1CAC4 /* ArticleDataManager.m */; };
		78AA61CA16A7370E00A1CAC4 /* ArticleDataManagerTests.m in Sources */ = {isa = PBXBuildFile; fileRef = 78AA61C916A7370E00A1CAC4 /* ArticleDataManagerTests.m */; };
		78B70A7316CA8E2800AB7A28 /* JMImageCache.m in Sources */ = {isa = PBXBuildFile; fileRef = 78B70A7016CA8E2800AB7A28 /* JMImageCache.m */; };
		78B70A7416CA8E2800AB7A28 /* JMImageCache.m in Sources */ = {isa = PBXBuildFile; fileRef = 78B70A7016CA8E2800AB7A28 /* JMImageCache.m */; };
		78B70A7516CA8E2800AB7A28 /* UIImageView+JMImageCache.m in Sources */ = {isa = PBXBuildFile; fileRef = 78B70A7216CA8E2800AB7A28 /* UIImageView+JMImageCache.m */; };
		78B70A7616CA8E2800AB7A28 /* UIImageView+JMImageCache.m in Sources */ = {isa = PBXBuildFile; fileRef = 78B70A7216CA8E2800AB7A28 /* UIImageView+JMImageCache.m */; };
		78B70A7816CBDD5500AB7A28 /* placeholder.png in Resources */ = {isa = PBXBuildFile; fileRef = 78B70A7716CBDD5500AB7A28 /* placeholder.png */; };
		78B70A7916CBDD5500AB7A28 /* placeholder.png in Resources */ = {isa = PBXBuildFile; fileRef = 78B70A7716CBDD5500AB7A28 /* placeholder.png */; };
/* End PBXBuildFile section */

/* Begin PBXContainerItemProxy section */
		7869FFE01698023900E11631 /* PBXContainerItemProxy */ = {
			isa = PBXContainerItemProxy;
			containerPortal = 7869FFB11698023800E11631 /* Project object */;
			proxyType = 1;
			remoteGlobalIDString = 7869FFB91698023800E11631;
			remoteInfo = "saturator-app-iphone";
		};
/* End PBXContainerItemProxy section */

/* Begin PBXFileReference section */
		781D6E7916C8E95D0003BD09 /* SVProgressHUD.bundle */ = {isa = PBXFileReference; lastKnownFileType = "wrapper.plug-in"; path = SVProgressHUD.bundle; sourceTree = "<group>"; };
		781D6E7A16C8E95D0003BD09 /* SVProgressHUD.h */ = {isa = PBXFileReference; fileEncoding = 4; lastKnownFileType = sourcecode.c.h; path = SVProgressHUD.h; sourceTree = "<group>"; };
		781D6E7B16C8E95D0003BD09 /* SVProgressHUD.m */ = {isa = PBXFileReference; fileEncoding = 4; lastKnownFileType = sourcecode.c.objc; path = SVProgressHUD.m; sourceTree = "<group>"; };
		781D6E8016C8EA5E0003BD09 /* QuartzCore.framework */ = {isa = PBXFileReference; lastKnownFileType = wrapper.framework; name = QuartzCore.framework; path = System/Library/Frameworks/QuartzCore.framework; sourceTree = SDKROOT; };
		78372EDC16C7AAD500E1ED37 /* NSObject+SBJson.h */ = {isa = PBXFileReference; fileEncoding = 4; lastKnownFileType = sourcecode.c.h; path = "NSObject+SBJson.h"; sourceTree = "<group>"; };
		78372EDD16C7AAD500E1ED37 /* NSObject+SBJson.m */ = {isa = PBXFileReference; fileEncoding = 4; lastKnownFileType = sourcecode.c.objc; path = "NSObject+SBJson.m"; sourceTree = "<group>"; };
		78372EDE16C7AAD500E1ED37 /* SBJson.h */ = {isa = PBXFileReference; fileEncoding = 4; lastKnownFileType = sourcecode.c.h; path = SBJson.h; sourceTree = "<group>"; };
		78372EDF16C7AAD500E1ED37 /* SBJsonParser.h */ = {isa = PBXFileReference; fileEncoding = 4; lastKnownFileType = sourcecode.c.h; path = SBJsonParser.h; sourceTree = "<group>"; };
		78372EE016C7AAD500E1ED37 /* SBJsonParser.m */ = {isa = PBXFileReference; fileEncoding = 4; lastKnownFileType = sourcecode.c.objc; path = SBJsonParser.m; sourceTree = "<group>"; };
		78372EE116C7AAD500E1ED37 /* SBJsonStreamParser.h */ = {isa = PBXFileReference; fileEncoding = 4; lastKnownFileType = sourcecode.c.h; path = SBJsonStreamParser.h; sourceTree = "<group>"; };
		78372EE216C7AAD500E1ED37 /* SBJsonStreamParser.m */ = {isa = PBXFileReference; fileEncoding = 4; lastKnownFileType = sourcecode.c.objc; path = SBJsonStreamParser.m; sourceTree = "<group>"; };
		78372EE316C7AAD500E1ED37 /* SBJsonStreamParserAccumulator.h */ = {isa = PBXFileReference; fileEncoding = 4; lastKnownFileType = sourcecode.c.h; path = SBJsonStreamParserAccumulator.h; sourceTree = "<group>"; };
		78372EE416C7AAD500E1ED37 /* SBJsonStreamParserAccumulator.m */ = {isa = PBXFileReference; fileEncoding = 4; lastKnownFileType = sourcecode.c.objc; path = SBJsonStreamParserAccumulator.m; sourceTree = "<group>"; };
		78372EE516C7AAD500E1ED37 /* SBJsonStreamParserAdapter.h */ = {isa = PBXFileReference; fileEncoding = 4; lastKnownFileType = sourcecode.c.h; path = SBJsonStreamParserAdapter.h; sourceTree = "<group>"; };
		78372EE616C7AAD500E1ED37 /* SBJsonStreamParserAdapter.m */ = {isa = PBXFileReference; fileEncoding = 4; lastKnownFileType = sourcecode.c.objc; path = SBJsonStreamParserAdapter.m; sourceTree = "<group>"; };
		78372EE716C7AAD500E1ED37 /* SBJsonStreamParserState.h */ = {isa = PBXFileReference; fileEncoding = 4; lastKnownFileType = sourcecode.c.h; path = SBJsonStreamParserState.h; sourceTree = "<group>"; };
		78372EE816C7AAD500E1ED37 /* SBJsonStreamParserState.m */ = {isa = PBXFileReference; fileEncoding = 4; lastKnownFileType = sourcecode.c.objc; path = SBJsonStreamParserState.m; sourceTree = "<group>"; };
		78372EE916C7AAD500E1ED37 /* SBJsonStreamWriter.h */ = {isa = PBXFileReference; fileEncoding = 4; lastKnownFileType = sourcecode.c.h; path = SBJsonStreamWriter.h; sourceTree = "<group>"; };
		78372EEA16C7AAD500E1ED37 /* SBJsonStreamWriter.m */ = {isa = PBXFileReference; fileEncoding = 4; lastKnownFileType = sourcecode.c.objc; path = SBJsonStreamWriter.m; sourceTree = "<group>"; };
		78372EEB16C7AAD500E1ED37 /* SBJsonStreamWriterAccumulator.h */ = {isa = PBXFileReference; fileEncoding = 4; lastKnownFileType = sourcecode.c.h; path = SBJsonStreamWriterAccumulator.h; sourceTree = "<group>"; };
		78372EEC16C7AAD500E1ED37 /* SBJsonStreamWriterAccumulator.m */ = {isa = PBXFileReference; fileEncoding = 4; lastKnownFileType = sourcecode.c.objc; path = SBJsonStreamWriterAccumulator.m; sourceTree = "<group>"; };
		78372EED16C7AAD500E1ED37 /* SBJsonStreamWriterState.h */ = {isa = PBXFileReference; fileEncoding = 4; lastKnownFileType = sourcecode.c.h; path = SBJsonStreamWriterState.h; sourceTree = "<group>"; };
		78372EEE16C7AAD500E1ED37 /* SBJsonStreamWriterState.m */ = {isa = PBXFileReference; fileEncoding = 4; lastKnownFileType = sourcecode.c.objc; path = SBJsonStreamWriterState.m; sourceTree = "<group>"; };
		78372EEF16C7AAD500E1ED37 /* SBJsonTokeniser.h */ = {isa = PBXFileReference; fileEncoding = 4; lastKnownFileType = sourcecode.c.h; path = SBJsonTokeniser.h; sourceTree = "<group>"; };
		78372EF016C7AAD500E1ED37 /* SBJsonTokeniser.m */ = {isa = PBXFileReference; fileEncoding = 4; lastKnownFileType = sourcecode.c.objc; path = SBJsonTokeniser.m; sourceTree = "<group>"; };
		78372EF116C7AAD500E1ED37 /* SBJsonUTF8Stream.h */ = {isa = PBXFileReference; fileEncoding = 4; lastKnownFileType = sourcecode.c.h; path = SBJsonUTF8Stream.h; sourceTree = "<group>"; };
		78372EF216C7AAD500E1ED37 /* SBJsonUTF8Stream.m */ = {isa = PBXFileReference; fileEncoding = 4; lastKnownFileType = sourcecode.c.objc; path = SBJsonUTF8Stream.m; sourceTree = "<group>"; };
		78372EF316C7AAD500E1ED37 /* SBJsonWriter.h */ = {isa = PBXFileReference; fileEncoding = 4; lastKnownFileType = sourcecode.c.h; path = SBJsonWriter.h; sourceTree = "<group>"; };
		78372EF416C7AAD500E1ED37 /* SBJsonWriter.m */ = {isa = PBXFileReference; fileEncoding = 4; lastKnownFileType = sourcecode.c.objc; path = SBJsonWriter.m; sourceTree = "<group>"; };
		783CAAF316E6365700C432F7 /* lovedsgn.png */ = {isa = PBXFileReference; lastKnownFileType = image.png; path = lovedsgn.png; sourceTree = "<group>"; };
		783CAAF516E63BBD00C432F7 /* unfav.png */ = {isa = PBXFileReference; lastKnownFileType = image.png; path = unfav.png; sourceTree = "<group>"; };
		786900001698038B00E11631 /* MainListViewController.h */ = {isa = PBXFileReference; fileEncoding = 4; lastKnownFileType = sourcecode.c.h; path = MainListViewController.h; sourceTree = "<group>"; };
		786900011698038B00E11631 /* MainListViewController.m */ = {isa = PBXFileReference; fileEncoding = 4; lastKnownFileType = sourcecode.c.objc; path = MainListViewController.m; sourceTree = "<group>"; };
		786900021698038B00E11631 /* MainListViewController.xib */ = {isa = PBXFileReference; fileEncoding = 4; lastKnownFileType = file.xib; path = MainListViewController.xib; sourceTree = "<group>"; };
		786900041698038B00E11631 /* Article.h */ = {isa = PBXFileReference; fileEncoding = 4; lastKnownFileType = sourcecode.c.h; path = Article.h; sourceTree = "<group>"; };
		786900051698038B00E11631 /* Article.m */ = {isa = PBXFileReference; fileEncoding = 4; lastKnownFileType = sourcecode.c.objc; path = Article.m; sourceTree = "<group>"; };
		7869000F169805B000E11631 /* DetailViewController.h */ = {isa = PBXFileReference; fileEncoding = 4; lastKnownFileType = sourcecode.c.h; path = DetailViewController.h; sourceTree = "<group>"; };
		78690010169805B000E11631 /* DetailViewController.m */ = {isa = PBXFileReference; fileEncoding = 4; lastKnownFileType = sourcecode.c.objc; path = DetailViewController.m; sourceTree = "<group>"; };
		78690011169805B000E11631 /* DetailViewController.xib */ = {isa = PBXFileReference; fileEncoding = 4; lastKnownFileType = file.xib; path = DetailViewController.xib; sourceTree = "<group>"; };
		786900141698508200E11631 /* AnimeListViewController.h */ = {isa = PBXFileReference; fileEncoding = 4; lastKnownFileType = sourcecode.c.h; path = AnimeListViewController.h; sourceTree = "<group>"; };
		786900151698508200E11631 /* AnimeListViewController.m */ = {isa = PBXFileReference; fileEncoding = 4; lastKnownFileType = sourcecode.c.objc; path = AnimeListViewController.m; sourceTree = "<group>"; };
		786900161698508200E11631 /* AnimeListViewController.xib */ = {isa = PBXFileReference; fileEncoding = 4; lastKnownFileType = file.xib; path = AnimeListViewController.xib; sourceTree = "<group>"; };
		786900191698608F00E11631 /* FavoriteListViewController.h */ = {isa = PBXFileReference; fileEncoding = 4; lastKnownFileType = sourcecode.c.h; path = FavoriteListViewController.h; sourceTree = "<group>"; };
		7869001A1698608F00E11631 /* FavoriteListViewController.m */ = {isa = PBXFileReference; fileEncoding = 4; lastKnownFileType = sourcecode.c.objc; path = FavoriteListViewController.m; sourceTree = "<group>"; };
		7869001B1698608F00E11631 /* FavoriteListViewController.xib */ = {isa = PBXFileReference; fileEncoding = 4; lastKnownFileType = file.xib; path = FavoriteListViewController.xib; sourceTree = "<group>"; };
		7869001E169860AF00E11631 /* ConfigViewController.h */ = {isa = PBXFileReference; fileEncoding = 4; lastKnownFileType = sourcecode.c.h; path = ConfigViewController.h; sourceTree = "<group>"; };
		7869001F169860AF00E11631 /* ConfigViewController.m */ = {isa = PBXFileReference; fileEncoding = 4; lastKnownFileType = sourcecode.c.objc; path = ConfigViewController.m; sourceTree = "<group>"; };
		78690020169860AF00E11631 /* ConfigViewController.xib */ = {isa = PBXFileReference; fileEncoding = 4; lastKnownFileType = file.xib; path = ConfigViewController.xib; sourceTree = "<group>"; };
		78690036169B110B00E11631 /* star.png */ = {isa = PBXFileReference; lastKnownFileType = image.png; path = star.png; sourceTree = "<group>"; };
		78690037169B110B00E11631 /* home.png */ = {isa = PBXFileReference; lastKnownFileType = image.png; path = home.png; sourceTree = "<group>"; };
		7869004C169C61C800E11631 /* libsqlite3.0.dylib */ = {isa = PBXFileReference; lastKnownFileType = "compiled.mach-o.dylib"; name = libsqlite3.0.dylib; path = usr/lib/libsqlite3.0.dylib; sourceTree = SDKROOT; };
		7869004E169C623800E11631 /* FMDatabase.h */ = {isa = PBXFileReference; fileEncoding = 4; lastKnownFileType = sourcecode.c.h; path = FMDatabase.h; sourceTree = "<group>"; };
		7869004F169C623800E11631 /* FMDatabase.m */ = {isa = PBXFileReference; fileEncoding = 4; lastKnownFileType = sourcecode.c.objc; path = FMDatabase.m; sourceTree = "<group>"; };
		78690050169C623800E11631 /* FMDatabaseAdditions.h */ = {isa = PBXFileReference; fileEncoding = 4; lastKnownFileType = sourcecode.c.h; path = FMDatabaseAdditions.h; sourceTree = "<group>"; };
		78690051169C623800E11631 /* FMDatabaseAdditions.m */ = {isa = PBXFileReference; fileEncoding = 4; lastKnownFileType = sourcecode.c.objc; path = FMDatabaseAdditions.m; sourceTree = "<group>"; };
		78690052169C623800E11631 /* FMDatabasePool.h */ = {isa = PBXFileReference; fileEncoding = 4; lastKnownFileType = sourcecode.c.h; path = FMDatabasePool.h; sourceTree = "<group>"; };
		78690053169C623800E11631 /* FMDatabasePool.m */ = {isa = PBXFileReference; fileEncoding = 4; lastKnownFileType = sourcecode.c.objc; path = FMDatabasePool.m; sourceTree = "<group>"; };
		78690054169C623800E11631 /* FMDatabaseQueue.h */ = {isa = PBXFileReference; fileEncoding = 4; lastKnownFileType = sourcecode.c.h; path = FMDatabaseQueue.h; sourceTree = "<group>"; };
		78690055169C623800E11631 /* FMDatabaseQueue.m */ = {isa = PBXFileReference; fileEncoding = 4; lastKnownFileType = sourcecode.c.objc; path = FMDatabaseQueue.m; sourceTree = "<group>"; };
		78690056169C623800E11631 /* FMResultSet.h */ = {isa = PBXFileReference; fileEncoding = 4; lastKnownFileType = sourcecode.c.h; path = FMResultSet.h; sourceTree = "<group>"; };
		78690057169C623800E11631 /* FMResultSet.m */ = {isa = PBXFileReference; fileEncoding = 4; lastKnownFileType = sourcecode.c.objc; path = FMResultSet.m; sourceTree = "<group>"; };
		7869FFBA1698023800E11631 /* saturator-app-iphone.app */ = {isa = PBXFileReference; explicitFileType = wrapper.application; includeInIndex = 0; path = "saturator-app-iphone.app"; sourceTree = BUILT_PRODUCTS_DIR; };
		7869FFBE1698023800E11631 /* UIKit.framework */ = {isa = PBXFileReference; lastKnownFileType = wrapper.framework; name = UIKit.framework; path = System/Library/Frameworks/UIKit.framework; sourceTree = SDKROOT; };
		7869FFC01698023800E11631 /* Foundation.framework */ = {isa = PBXFileReference; lastKnownFileType = wrapper.framework; name = Foundation.framework; path = System/Library/Frameworks/Foundation.framework; sourceTree = SDKROOT; };
		7869FFC21698023800E11631 /* CoreGraphics.framework */ = {isa = PBXFileReference; lastKnownFileType = wrapper.framework; name = CoreGraphics.framework; path = System/Library/Frameworks/CoreGraphics.framework; sourceTree = SDKROOT; };
		7869FFC61698023800E11631 /* saturator-app-iphone-Info.plist */ = {isa = PBXFileReference; lastKnownFileType = text.plist.xml; path = "saturator-app-iphone-Info.plist"; sourceTree = "<group>"; };
		7869FFC81698023900E11631 /* en */ = {isa = PBXFileReference; lastKnownFileType = text.plist.strings; name = en; path = en.lproj/InfoPlist.strings; sourceTree = "<group>"; };
		7869FFCA1698023900E11631 /* main.m */ = {isa = PBXFileReference; lastKnownFileType = sourcecode.c.objc; path = main.m; sourceTree = "<group>"; };
		7869FFCC1698023900E11631 /* saturator-app-iphone-Prefix.pch */ = {isa = PBXFileReference; lastKnownFileType = sourcecode.c.h; path = "saturator-app-iphone-Prefix.pch"; sourceTree = "<group>"; };
		7869FFCD1698023900E11631 /* AppDelegate.h */ = {isa = PBXFileReference; lastKnownFileType = sourcecode.c.h; path = AppDelegate.h; sourceTree = "<group>"; };
		7869FFCE1698023900E11631 /* AppDelegate.m */ = {isa = PBXFileReference; lastKnownFileType = sourcecode.c.objc; path = AppDelegate.m; sourceTree = "<group>"; };
		7869FFD01698023900E11631 /* Default.png */ = {isa = PBXFileReference; lastKnownFileType = image.png; path = Default.png; sourceTree = "<group>"; };
		7869FFD21698023900E11631 /* Default@2x.png */ = {isa = PBXFileReference; lastKnownFileType = image.png; path = "Default@2x.png"; sourceTree = "<group>"; };
		7869FFD41698023900E11631 /* Default-568h@2x.png */ = {isa = PBXFileReference; lastKnownFileType = image.png; path = "Default-568h@2x.png"; sourceTree = "<group>"; };
		7869FFDB1698023900E11631 /* saturator-app-iphoneTests.octest */ = {isa = PBXFileReference; explicitFileType = wrapper.cfbundle; includeInIndex = 0; path = "saturator-app-iphoneTests.octest"; sourceTree = BUILT_PRODUCTS_DIR; };
		7869FFDC1698023900E11631 /* SenTestingKit.framework */ = {isa = PBXFileReference; lastKnownFileType = wrapper.framework; name = SenTestingKit.framework; path = Library/Frameworks/SenTestingKit.framework; sourceTree = DEVELOPER_DIR; };
		7869FFE41698023900E11631 /* saturator-app-iphoneTests-Info.plist */ = {isa = PBXFileReference; lastKnownFileType = text.plist.xml; path = "saturator-app-iphoneTests-Info.plist"; sourceTree = "<group>"; };
		7869FFE61698023900E11631 /* en */ = {isa = PBXFileReference; lastKnownFileType = text.plist.strings; name = en; path = en.lproj/InfoPlist.strings; sourceTree = "<group>"; };
		7869FFE81698023900E11631 /* saturator_app_iphoneTests.h */ = {isa = PBXFileReference; lastKnownFileType = sourcecode.c.h; path = saturator_app_iphoneTests.h; sourceTree = "<group>"; };
		7869FFE91698023900E11631 /* saturator_app_iphoneTests.m */ = {isa = PBXFileReference; lastKnownFileType = sourcecode.c.objc; path = saturator_app_iphoneTests.m; sourceTree = "<group>"; };
		7869FFF41698038B00E11631 /* bg.png */ = {isa = PBXFileReference; lastKnownFileType = image.png; path = bg.png; sourceTree = "<group>"; };
		7869FFF71698038B00E11631 /* BaseListViewCell.h */ = {isa = PBXFileReference; fileEncoding = 4; lastKnownFileType = sourcecode.c.h; path = BaseListViewCell.h; sourceTree = "<group>"; };
		7869FFF81698038B00E11631 /* BaseListViewCell.m */ = {isa = PBXFileReference; fileEncoding = 4; lastKnownFileType = sourcecode.c.objc; path = BaseListViewCell.m; sourceTree = "<group>"; };
		7869FFF91698038B00E11631 /* MainListAuthorViewCellController.h */ = {isa = PBXFileReference; fileEncoding = 4; lastKnownFileType = sourcecode.c.h; path = MainListAuthorViewCellController.h; sourceTree = "<group>"; };
		7869FFFA1698038B00E11631 /* MainListAuthorViewCellController.m */ = {isa = PBXFileReference; fileEncoding = 4; lastKnownFileType = sourcecode.c.objc; path = MainListAuthorViewCellController.m; sourceTree = "<group>"; };
		7869FFFB1698038B00E11631 /* MainListAuthorViewCellController.xib */ = {isa = PBXFileReference; fileEncoding = 4; lastKnownFileType = file.xib; path = MainListAuthorViewCellController.xib; sourceTree = "<group>"; };
		7869FFFC1698038B00E11631 /* MainListViewCellController.h */ = {isa = PBXFileReference; fileEncoding = 4; lastKnownFileType = sourcecode.c.h; path = MainListViewCellController.h; sourceTree = "<group>"; };
		7869FFFD1698038B00E11631 /* MainListViewCellController.m */ = {isa = PBXFileReference; fileEncoding = 4; lastKnownFileType = sourcecode.c.objc; path = MainListViewCellController.m; sourceTree = "<group>"; };
		7869FFFE1698038B00E11631 /* MainListViewCellController.xib */ = {isa = PBXFileReference; fileEncoding = 4; lastKnownFileType = file.xib; path = MainListViewCellController.xib; sourceTree = "<group>"; };
		786A91D516E37E35006D56B3 /* BaseConfig.h */ = {isa = PBXFileReference; fileEncoding = 4; lastKnownFileType = sourcecode.c.h; path = BaseConfig.h; sourceTree = "<group>"; };
		786A91D616E37E35006D56B3 /* BaseConfig.m */ = {isa = PBXFileReference; fileEncoding = 4; lastKnownFileType = sourcecode.c.objc; path = BaseConfig.m; sourceTree = "<group>"; };
		789A14B716DA04D700FB0776 /* MainListViewCellWithoutImageController.h */ = {isa = PBXFileReference; fileEncoding = 4; lastKnownFileType = sourcecode.c.h; path = MainListViewCellWithoutImageController.h; sourceTree = "<group>"; };
		789A14B816DA04D700FB0776 /* MainListViewCellWithoutImageController.m */ = {isa = PBXFileReference; fileEncoding = 4; lastKnownFileType = sourcecode.c.objc; path = MainListViewCellWithoutImageController.m; sourceTree = "<group>"; };
		789A14B916DA04D700FB0776 /* MainListViewCellWithoutImageController.xib */ = {isa = PBXFileReference; fileEncoding = 4; lastKnownFileType = file.xib; path = MainListViewCellWithoutImageController.xib; sourceTree = "<group>"; };
		789A14BC16DA62F100FB0776 /* MainListViewFooterCellController.h */ = {isa = PBXFileReference; fileEncoding = 4; lastKnownFileType = sourcecode.c.h; path = MainListViewFooterCellController.h; sourceTree = "<group>"; };
		789A14BD16DA62F100FB0776 /* MainListViewFooterCellController.m */ = {isa = PBXFileReference; fileEncoding = 4; lastKnownFileType = sourcecode.c.objc; path = MainListViewFooterCellController.m; sourceTree = "<group>"; };
		789A14BE16DA62F100FB0776 /* MainListViewFooterCellController.xib */ = {isa = PBXFileReference; fileEncoding = 4; lastKnownFileType = file.xib; path = MainListViewFooterCellController.xib; sourceTree = "<group>"; };
		789A14C116DE5A2E00FB0776 /* AnimeDataManager.h */ = {isa = PBXFileReference; fileEncoding = 4; lastKnownFileType = sourcecode.c.h; path = AnimeDataManager.h; sourceTree = "<group>"; };
		789A14C216DE5A2E00FB0776 /* AnimeDataManager.m */ = {isa = PBXFileReference; fileEncoding = 4; lastKnownFileType = sourcecode.c.objc; path = AnimeDataManager.m; sourceTree = "<group>"; };
		789A14C416DE5C8000FB0776 /* Anime.h */ = {isa = PBXFileReference; fileEncoding = 4; lastKnownFileType = sourcecode.c.h; path = Anime.h; sourceTree = "<group>"; };
		789A14C516DE5C8000FB0776 /* Anime.m */ = {isa = PBXFileReference; fileEncoding = 4; lastKnownFileType = sourcecode.c.objc; path = Anime.m; sourceTree = "<group>"; };
		789A14C716DF905700FB0776 /* DataManager.h */ = {isa = PBXFileReference; fileEncoding = 4; lastKnownFileType = sourcecode.c.h; name = DataManager.h; path = "saturator-app-iphone/lib/DataManager.h"; sourceTree = SOURCE_ROOT; };
		789A14C816DF905700FB0776 /* DataManager.m */ = {isa = PBXFileReference; fileEncoding = 4; lastKnownFileType = sourcecode.c.objc; name = DataManager.m; path = "saturator-app-iphone/lib/DataManager.m"; sourceTree = SOURCE_ROOT; };
		78AA61C416A5A22F00A1CAC4 /* ArticleDataManager.h */ = {isa = PBXFileReference; fileEncoding = 4; lastKnownFileType = sourcecode.c.h; path = ArticleDataManager.h; sourceTree = "<group>"; };
		78AA61C516A5A22F00A1CAC4 /* ArticleDataManager.m */ = {isa = PBXFileReference; fileEncoding = 4; lastKnownFileType = sourcecode.c.objc; path = ArticleDataManager.m; sourceTree = "<group>"; };
		78AA61C816A7370E00A1CAC4 /* ArticleDataManagerTests.h */ = {isa = PBXFileReference; fileEncoding = 4; lastKnownFileType = sourcecode.c.h; path = ArticleDataManagerTests.h; sourceTree = "<group>"; };
		78AA61C916A7370E00A1CAC4 /* ArticleDataManagerTests.m */ = {isa = PBXFileReference; fileEncoding = 4; lastKnownFileType = sourcecode.c.objc; path = ArticleDataManagerTests.m; sourceTree = "<group>"; };
		78B70A6F16CA8E2800AB7A28 /* JMImageCache.h */ = {isa = PBXFileReference; fileEncoding = 4; lastKnownFileType = sourcecode.c.h; path = JMImageCache.h; sourceTree = "<group>"; };
		78B70A7016CA8E2800AB7A28 /* JMImageCache.m */ = {isa = PBXFileReference; fileEncoding = 4; lastKnownFileType = sourcecode.c.objc; path = JMImageCache.m; sourceTree = "<group>"; };
		78B70A7116CA8E2800AB7A28 /* UIImageView+JMImageCache.h */ = {isa = PBXFileReference; fileEncoding = 4; lastKnownFileType = sourcecode.c.h; path = "UIImageView+JMImageCache.h"; sourceTree = "<group>"; };
		78B70A7216CA8E2800AB7A28 /* UIImageView+JMImageCache.m */ = {isa = PBXFileReference; fileEncoding = 4; lastKnownFileType = sourcecode.c.objc; path = "UIImageView+JMImageCache.m"; sourceTree = "<group>"; };
		78B70A7716CBDD5500AB7A28 /* placeholder.png */ = {isa = PBXFileReference; lastKnownFileType = image.png; path = placeholder.png; sourceTree = "<group>"; };
/* End PBXFileReference section */

/* Begin PBXFrameworksBuildPhase section */
		7869FFB71698023800E11631 /* Frameworks */ = {
			isa = PBXFrameworksBuildPhase;
			buildActionMask = 2147483647;
			files = (
				781D6E8116C8EA5E0003BD09 /* QuartzCore.framework in Frameworks */,
				7869004D169C61C800E11631 /* libsqlite3.0.dylib in Frameworks */,
				7869FFBF1698023800E11631 /* UIKit.framework in Frameworks */,
				7869FFC11698023800E11631 /* Foundation.framework in Frameworks */,
				7869FFC31698023800E11631 /* CoreGraphics.framework in Frameworks */,
			);
			runOnlyForDeploymentPostprocessing = 0;
		};
		7869FFD71698023900E11631 /* Frameworks */ = {
			isa = PBXFrameworksBuildPhase;
			buildActionMask = 2147483647;
			files = (
				7869FFDD1698023900E11631 /* SenTestingKit.framework in Frameworks */,
				7869FFDE1698023900E11631 /* UIKit.framework in Frameworks */,
				7869FFDF1698023900E11631 /* Foundation.framework in Frameworks */,
			);
			runOnlyForDeploymentPostprocessing = 0;
		};
/* End PBXFrameworksBuildPhase section */

/* Begin PBXGroup section */
		781D6E7816C8E9420003BD09 /* SVProgressHUD */ = {
			isa = PBXGroup;
			children = (
				781D6E7916C8E95D0003BD09 /* SVProgressHUD.bundle */,
				781D6E7A16C8E95D0003BD09 /* SVProgressHUD.h */,
				781D6E7B16C8E95D0003BD09 /* SVProgressHUD.m */,
			);
			path = SVProgressHUD;
			sourceTree = "<group>";
		};
		786900031698038B00E11631 /* model */ = {
			isa = PBXGroup;
			children = (
				786900041698038B00E11631 /* Article.h */,
				786900051698038B00E11631 /* Article.m */,
				789A14C416DE5C8000FB0776 /* Anime.h */,
				789A14C516DE5C8000FB0776 /* Anime.m */,
			);
			path = model;
			sourceTree = "<group>";
		};
		7869003A169C5F8A00E11631 /* fmdb */ = {
			isa = PBXGroup;
			children = (
				7869004E169C623800E11631 /* FMDatabase.h */,
				7869004F169C623800E11631 /* FMDatabase.m */,
				78690050169C623800E11631 /* FMDatabaseAdditions.h */,
				78690051169C623800E11631 /* FMDatabaseAdditions.m */,
				78690052169C623800E11631 /* FMDatabasePool.h */,
				78690053169C623800E11631 /* FMDatabasePool.m */,
				78690054169C623800E11631 /* FMDatabaseQueue.h */,
				78690055169C623800E11631 /* FMDatabaseQueue.m */,
				78690056169C623800E11631 /* FMResultSet.h */,
				78690057169C623800E11631 /* FMResultSet.m */,
			);
			path = fmdb;
			sourceTree = "<group>";
		};
		7869FFAF1698023800E11631 = {
			isa = PBXGroup;
			children = (
				781D6E8016C8EA5E0003BD09 /* QuartzCore.framework */,
				7869004C169C61C800E11631 /* libsqlite3.0.dylib */,
				7869FFC41698023800E11631 /* saturator-app-iphone */,
				7869FFE21698023900E11631 /* saturator-app-iphoneTests */,
				7869FFBD1698023800E11631 /* Frameworks */,
				7869FFBB1698023800E11631 /* Products */,
			);
			sourceTree = "<group>";
		};
		7869FFBB1698023800E11631 /* Products */ = {
			isa = PBXGroup;
			children = (
				7869FFBA1698023800E11631 /* saturator-app-iphone.app */,
				7869FFDB1698023900E11631 /* saturator-app-iphoneTests.octest */,
			);
			name = Products;
			sourceTree = "<group>";
		};
		7869FFBD1698023800E11631 /* Frameworks */ = {
			isa = PBXGroup;
			children = (
				7869FFBE1698023800E11631 /* UIKit.framework */,
				7869FFC01698023800E11631 /* Foundation.framework */,
				7869FFC21698023800E11631 /* CoreGraphics.framework */,
				7869FFDC1698023900E11631 /* SenTestingKit.framework */,
			);
			name = Frameworks;
			sourceTree = "<group>";
		};
		7869FFC41698023800E11631 /* saturator-app-iphone */ = {
			isa = PBXGroup;
			children = (
				7869FFF31698038B00E11631 /* resource */,
				7869FFF51698038B00E11631 /* lib */,
				786900031698038B00E11631 /* model */,
				7869FFF61698038B00E11631 /* view */,
				7869FFFF1698038B00E11631 /* viewcontroller */,
				7869FFCD1698023900E11631 /* AppDelegate.h */,
				7869FFCE1698023900E11631 /* AppDelegate.m */,
				7869FFC51698023800E11631 /* Supporting Files */,
				786A91D516E37E35006D56B3 /* BaseConfig.h */,
				786A91D616E37E35006D56B3 /* BaseConfig.m */,
			);
			path = "saturator-app-iphone";
			sourceTree = "<group>";
		};
		7869FFC51698023800E11631 /* Supporting Files */ = {
			isa = PBXGroup;
			children = (
				7869FFC61698023800E11631 /* saturator-app-iphone-Info.plist */,
				7869FFC71698023900E11631 /* InfoPlist.strings */,
				7869FFCA1698023900E11631 /* main.m */,
				7869FFCC1698023900E11631 /* saturator-app-iphone-Prefix.pch */,
				7869FFD01698023900E11631 /* Default.png */,
				7869FFD21698023900E11631 /* Default@2x.png */,
				7869FFD41698023900E11631 /* Default-568h@2x.png */,
			);
			name = "Supporting Files";
			sourceTree = "<group>";
		};
		7869FFE21698023900E11631 /* saturator-app-iphoneTests */ = {
			isa = PBXGroup;
			children = (
				7869FFE81698023900E11631 /* saturator_app_iphoneTests.h */,
				7869FFE91698023900E11631 /* saturator_app_iphoneTests.m */,
				7869FFE31698023900E11631 /* Supporting Files */,
				78AA61C816A7370E00A1CAC4 /* ArticleDataManagerTests.h */,
				78AA61C916A7370E00A1CAC4 /* ArticleDataManagerTests.m */,
			);
			path = "saturator-app-iphoneTests";
			sourceTree = "<group>";
		};
		7869FFE31698023900E11631 /* Supporting Files */ = {
			isa = PBXGroup;
			children = (
				7869FFE41698023900E11631 /* saturator-app-iphoneTests-Info.plist */,
				7869FFE51698023900E11631 /* InfoPlist.strings */,
			);
			name = "Supporting Files";
			sourceTree = "<group>";
		};
		7869FFF31698038B00E11631 /* resource */ = {
			isa = PBXGroup;
			children = (
				783CAAF516E63BBD00C432F7 /* unfav.png */,
				783CAAF316E6365700C432F7 /* lovedsgn.png */,
				78B70A7716CBDD5500AB7A28 /* placeholder.png */,
				78690036169B110B00E11631 /* star.png */,
				78690037169B110B00E11631 /* home.png */,
				7869FFF41698038B00E11631 /* bg.png */,
			);
			path = resource;
			sourceTree = "<group>";
		};
		7869FFF51698038B00E11631 /* lib */ = {
			isa = PBXGroup;
			children = (
				78B70A6E16CA8E0300AB7A28 /* jmimagecache */,
				781D6E7816C8E9420003BD09 /* SVProgressHUD */,
				78AA61CB16A7401500A1CAC4 /* sbjson */,
				7869003A169C5F8A00E11631 /* fmdb */,
				789A14C716DF905700FB0776 /* DataManager.h */,
				789A14C816DF905700FB0776 /* DataManager.m */,
				78AA61C416A5A22F00A1CAC4 /* ArticleDataManager.h */,
				78AA61C516A5A22F00A1CAC4 /* ArticleDataManager.m */,
				789A14C116DE5A2E00FB0776 /* AnimeDataManager.h */,
				789A14C216DE5A2E00FB0776 /* AnimeDataManager.m */,
			);
			path = lib;
			sourceTree = "<group>";
		};
		7869FFF61698038B00E11631 /* view */ = {
			isa = PBXGroup;
			children = (
				7869FFF71698038B00E11631 /* BaseListViewCell.h */,
				7869FFF81698038B00E11631 /* BaseListViewCell.m */,
				7869FFF91698038B00E11631 /* MainListAuthorViewCellController.h */,
				7869FFFA1698038B00E11631 /* MainListAuthorViewCellController.m */,
				7869FFFB1698038B00E11631 /* MainListAuthorViewCellController.xib */,
				7869FFFC1698038B00E11631 /* MainListViewCellController.h */,
				7869FFFD1698038B00E11631 /* MainListViewCellController.m */,
				7869FFFE1698038B00E11631 /* MainListViewCellController.xib */,
				789A14B716DA04D700FB0776 /* MainListViewCellWithoutImageController.h */,
				789A14B816DA04D700FB0776 /* MainListViewCellWithoutImageController.m */,
				789A14B916DA04D700FB0776 /* MainListViewCellWithoutImageController.xib */,
				789A14BC16DA62F100FB0776 /* MainListViewFooterCellController.h */,
				789A14BD16DA62F100FB0776 /* MainListViewFooterCellController.m */,
				789A14BE16DA62F100FB0776 /* MainListViewFooterCellController.xib */,
			);
			path = view;
			sourceTree = "<group>";
		};
		7869FFFF1698038B00E11631 /* viewcontroller */ = {
			isa = PBXGroup;
			children = (
				786900001698038B00E11631 /* MainListViewController.h */,
				786900011698038B00E11631 /* MainListViewController.m */,
				786900021698038B00E11631 /* MainListViewController.xib */,
				7869000F169805B000E11631 /* DetailViewController.h */,
				78690010169805B000E11631 /* DetailViewController.m */,
				78690011169805B000E11631 /* DetailViewController.xib */,
				786900141698508200E11631 /* AnimeListViewController.h */,
				786900151698508200E11631 /* AnimeListViewController.m */,
				786900161698508200E11631 /* AnimeListViewController.xib */,
				786900191698608F00E11631 /* FavoriteListViewController.h */,
				7869001A1698608F00E11631 /* FavoriteListViewController.m */,
				7869001B1698608F00E11631 /* FavoriteListViewController.xib */,
				7869001E169860AF00E11631 /* ConfigViewController.h */,
				7869001F169860AF00E11631 /* ConfigViewController.m */,
				78690020169860AF00E11631 /* ConfigViewController.xib */,
			);
			path = viewcontroller;
			sourceTree = "<group>";
		};
		78AA61CB16A7401500A1CAC4 /* sbjson */ = {
			isa = PBXGroup;
			children = (
				78372EDC16C7AAD500E1ED37 /* NSObject+SBJson.h */,
				78372EDD16C7AAD500E1ED37 /* NSObject+SBJson.m */,
				78372EDE16C7AAD500E1ED37 /* SBJson.h */,
				78372EDF16C7AAD500E1ED37 /* SBJsonParser.h */,
				78372EE016C7AAD500E1ED37 /* SBJsonParser.m */,
				78372EE116C7AAD500E1ED37 /* SBJsonStreamParser.h */,
				78372EE216C7AAD500E1ED37 /* SBJsonStreamParser.m */,
				78372EE316C7AAD500E1ED37 /* SBJsonStreamParserAccumulator.h */,
				78372EE416C7AAD500E1ED37 /* SBJsonStreamParserAccumulator.m */,
				78372EE516C7AAD500E1ED37 /* SBJsonStreamParserAdapter.h */,
				78372EE616C7AAD500E1ED37 /* SBJsonStreamParserAdapter.m */,
				78372EE716C7AAD500E1ED37 /* SBJsonStreamParserState.h */,
				78372EE816C7AAD500E1ED37 /* SBJsonStreamParserState.m */,
				78372EE916C7AAD500E1ED37 /* SBJsonStreamWriter.h */,
				78372EEA16C7AAD500E1ED37 /* SBJsonStreamWriter.m */,
				78372EEB16C7AAD500E1ED37 /* SBJsonStreamWriterAccumulator.h */,
				78372EEC16C7AAD500E1ED37 /* SBJsonStreamWriterAccumulator.m */,
				78372EED16C7AAD500E1ED37 /* SBJsonStreamWriterState.h */,
				78372EEE16C7AAD500E1ED37 /* SBJsonStreamWriterState.m */,
				78372EEF16C7AAD500E1ED37 /* SBJsonTokeniser.h */,
				78372EF016C7AAD500E1ED37 /* SBJsonTokeniser.m */,
				78372EF116C7AAD500E1ED37 /* SBJsonUTF8Stream.h */,
				78372EF216C7AAD500E1ED37 /* SBJsonUTF8Stream.m */,
				78372EF316C7AAD500E1ED37 /* SBJsonWriter.h */,
				78372EF416C7AAD500E1ED37 /* SBJsonWriter.m */,
			);
			path = sbjson;
			sourceTree = "<group>";
		};
		78B70A6E16CA8E0300AB7A28 /* jmimagecache */ = {
			isa = PBXGroup;
			children = (
				78B70A6F16CA8E2800AB7A28 /* JMImageCache.h */,
				78B70A7016CA8E2800AB7A28 /* JMImageCache.m */,
				78B70A7116CA8E2800AB7A28 /* UIImageView+JMImageCache.h */,
				78B70A7216CA8E2800AB7A28 /* UIImageView+JMImageCache.m */,
			);
			path = jmimagecache;
			sourceTree = "<group>";
		};
/* End PBXGroup section */

/* Begin PBXNativeTarget section */
		7869FFB91698023800E11631 /* saturator-app-iphone */ = {
			isa = PBXNativeTarget;
			buildConfigurationList = 7869FFED1698023900E11631 /* Build configuration list for PBXNativeTarget "saturator-app-iphone" */;
			buildPhases = (
				7869FFB61698023800E11631 /* Sources */,
				7869FFB71698023800E11631 /* Frameworks */,
				7869FFB81698023800E11631 /* Resources */,
			);
			buildRules = (
			);
			dependencies = (
			);
			name = "saturator-app-iphone";
			productName = "saturator-app-iphone";
			productReference = 7869FFBA1698023800E11631 /* saturator-app-iphone.app */;
			productType = "com.apple.product-type.application";
		};
		7869FFDA1698023900E11631 /* saturator-app-iphoneTests */ = {
			isa = PBXNativeTarget;
			buildConfigurationList = 7869FFF01698023900E11631 /* Build configuration list for PBXNativeTarget "saturator-app-iphoneTests" */;
			buildPhases = (
				7869FFD61698023900E11631 /* Sources */,
				7869FFD71698023900E11631 /* Frameworks */,
				7869FFD81698023900E11631 /* Resources */,
				7869FFD91698023900E11631 /* ShellScript */,
			);
			buildRules = (
			);
			dependencies = (
				7869FFE11698023900E11631 /* PBXTargetDependency */,
			);
			name = "saturator-app-iphoneTests";
			productName = "saturator-app-iphoneTests";
			productReference = 7869FFDB1698023900E11631 /* saturator-app-iphoneTests.octest */;
			productType = "com.apple.product-type.bundle";
		};
/* End PBXNativeTarget section */

/* Begin PBXProject section */
		7869FFB11698023800E11631 /* Project object */ = {
			isa = PBXProject;
			attributes = {
				LastUpgradeCheck = 0450;
				ORGANIZATIONNAME = "Masaaki Takeuchi";
			};
			buildConfigurationList = 7869FFB41698023800E11631 /* Build configuration list for PBXProject "saturator-app-iphone" */;
			compatibilityVersion = "Xcode 3.2";
			developmentRegion = English;
			hasScannedForEncodings = 0;
			knownRegions = (
				en,
			);
			mainGroup = 7869FFAF1698023800E11631;
			productRefGroup = 7869FFBB1698023800E11631 /* Products */;
			projectDirPath = "";
			projectRoot = "";
			targets = (
				7869FFB91698023800E11631 /* saturator-app-iphone */,
				7869FFDA1698023900E11631 /* saturator-app-iphoneTests */,
			);
		};
/* End PBXProject section */

/* Begin PBXResourcesBuildPhase section */
		7869FFB81698023800E11631 /* Resources */ = {
			isa = PBXResourcesBuildPhase;
			buildActionMask = 2147483647;
			files = (
				7869FFC91698023900E11631 /* InfoPlist.strings in Resources */,
				7869FFD11698023900E11631 /* Default.png in Resources */,
				7869FFD31698023900E11631 /* Default@2x.png in Resources */,
				7869FFD51698023900E11631 /* Default-568h@2x.png in Resources */,
				786900061698038B00E11631 /* bg.png in Resources */,
				786900091698038B00E11631 /* MainListAuthorViewCellController.xib in Resources */,
				7869000B1698038B00E11631 /* MainListViewCellController.xib in Resources */,
				7869000D1698038B00E11631 /* MainListViewController.xib in Resources */,
				78690013169805B000E11631 /* DetailViewController.xib in Resources */,
				786900181698508200E11631 /* AnimeListViewController.xib in Resources */,
				7869001D1698608F00E11631 /* FavoriteListViewController.xib in Resources */,
				78690022169860AF00E11631 /* ConfigViewController.xib in Resources */,
				78690038169B110B00E11631 /* star.png in Resources */,
				78690039169B110B00E11631 /* home.png in Resources */,
				781D6E7C16C8E95D0003BD09 /* SVProgressHUD.bundle in Resources */,
				78B70A7816CBDD5500AB7A28 /* placeholder.png in Resources */,
				789A14BB16DA04D700FB0776 /* MainListViewCellWithoutImageController.xib in Resources */,
				789A14C016DA62F100FB0776 /* MainListViewFooterCellController.xib in Resources */,
				783CAAF416E6365700C432F7 /* lovedsgn.png in Resources */,
				783CAAF616E63BBD00C432F7 /* unfav.png in Resources */,
			);
			runOnlyForDeploymentPostprocessing = 0;
		};
		7869FFD81698023900E11631 /* Resources */ = {
			isa = PBXResourcesBuildPhase;
			buildActionMask = 2147483647;
			files = (
				7869FFE71698023900E11631 /* InfoPlist.strings in Resources */,
				781D6E7D16C8E95D0003BD09 /* SVProgressHUD.bundle in Resources */,
				78B70A7916CBDD5500AB7A28 /* placeholder.png in Resources */,
			);
			runOnlyForDeploymentPostprocessing = 0;
		};
/* End PBXResourcesBuildPhase section */

/* Begin PBXShellScriptBuildPhase section */
		7869FFD91698023900E11631 /* ShellScript */ = {
			isa = PBXShellScriptBuildPhase;
			buildActionMask = 2147483647;
			files = (
			);
			inputPaths = (
			);
			outputPaths = (
			);
			runOnlyForDeploymentPostprocessing = 0;
			shellPath = /bin/sh;
			shellScript = "# Run the unit tests in this test bundle.\n\"${SYSTEM_DEVELOPER_DIR}/Tools/RunUnitTests\"\n";
		};
/* End PBXShellScriptBuildPhase section */

/* Begin PBXSourcesBuildPhase section */
		7869FFB61698023800E11631 /* Sources */ = {
			isa = PBXSourcesBuildPhase;
			buildActionMask = 2147483647;
			files = (
				7869FFCB1698023900E11631 /* main.m in Sources */,
				7869FFCF1698023900E11631 /* AppDelegate.m in Sources */,
				786900071698038B00E11631 /* BaseListViewCell.m in Sources */,
				786900081698038B00E11631 /* MainListAuthorViewCellController.m in Sources */,
				7869000A1698038B00E11631 /* MainListViewCellController.m in Sources */,
				7869000C1698038B00E11631 /* MainListViewController.m in Sources */,
				7869000E1698038B00E11631 /* Article.m in Sources */,
				78690012169805B000E11631 /* DetailViewController.m in Sources */,
				786900171698508200E11631 /* AnimeListViewController.m in Sources */,
				7869001C1698608F00E11631 /* FavoriteListViewController.m in Sources */,
				78690021169860AF00E11631 /* ConfigViewController.m in Sources */,
				78690058169C623800E11631 /* FMDatabase.m in Sources */,
				78690059169C623800E11631 /* FMDatabaseAdditions.m in Sources */,
				7869005A169C623800E11631 /* FMDatabasePool.m in Sources */,
				7869005B169C623800E11631 /* FMDatabaseQueue.m in Sources */,
				7869005C169C623800E11631 /* FMResultSet.m in Sources */,
				78AA61C616A5A22F00A1CAC4 /* ArticleDataManager.m in Sources */,
				78372EF516C7AAD500E1ED37 /* NSObject+SBJson.m in Sources */,
				78372EF716C7AAD500E1ED37 /* SBJsonParser.m in Sources */,
				78372EF916C7AAD500E1ED37 /* SBJsonStreamParser.m in Sources */,
				78372EFB16C7AAD500E1ED37 /* SBJsonStreamParserAccumulator.m in Sources */,
				78372EFD16C7AAD500E1ED37 /* SBJsonStreamParserAdapter.m in Sources */,
				78372EFF16C7AAD500E1ED37 /* SBJsonStreamParserState.m in Sources */,
				78372F0116C7AAD500E1ED37 /* SBJsonStreamWriter.m in Sources */,
				78372F0316C7AAD500E1ED37 /* SBJsonStreamWriterAccumulator.m in Sources */,
				78372F0516C7AAD500E1ED37 /* SBJsonStreamWriterState.m in Sources */,
				78372F0716C7AAD500E1ED37 /* SBJsonTokeniser.m in Sources */,
				78372F0916C7AAD500E1ED37 /* SBJsonUTF8Stream.m in Sources */,
				78372F0B16C7AAD500E1ED37 /* SBJsonWriter.m in Sources */,
				781D6E7E16C8E95D0003BD09 /* SVProgressHUD.m in Sources */,
				78B70A7316CA8E2800AB7A28 /* JMImageCache.m in Sources */,
				78B70A7516CA8E2800AB7A28 /* UIImageView+JMImageCache.m in Sources */,
				789A14BA16DA04D700FB0776 /* MainListViewCellWithoutImageController.m in Sources */,
				789A14BF16DA62F100FB0776 /* MainListViewFooterCellController.m in Sources */,
				789A14C316DE5A2E00FB0776 /* AnimeDataManager.m in Sources */,
				789A14C616DE5C8000FB0776 /* Anime.m in Sources */,
				789A14C916DF905700FB0776 /* DataManager.m in Sources */,
				786A91D716E37E36006D56B3 /* BaseConfig.m in Sources */,
			);
			runOnlyForDeploymentPostprocessing = 0;
		};
		7869FFD61698023900E11631 /* Sources */ = {
			isa = PBXSourcesBuildPhase;
			buildActionMask = 2147483647;
			files = (
				7869FFEA1698023900E11631 /* saturator_app_iphoneTests.m in Sources */,
				78AA61CA16A7370E00A1CAC4 /* ArticleDataManagerTests.m in Sources */,
				78372EF616C7AAD500E1ED37 /* NSObject+SBJson.m in Sources */,
				78372EF816C7AAD500E1ED37 /* SBJsonParser.m in Sources */,
				78372EFA16C7AAD500E1ED37 /* SBJsonStreamParser.m in Sources */,
				78372EFC16C7AAD500E1ED37 /* SBJsonStreamParserAccumulator.m in Sources */,
				78372EFE16C7AAD500E1ED37 /* SBJsonStreamParserAdapter.m in Sources */,
				78372F0016C7AAD500E1ED37 /* SBJsonStreamParserState.m in Sources */,
				78372F0216C7AAD500E1ED37 /* SBJsonStreamWriter.m in Sources */,
				78372F0416C7AAD500E1ED37 /* SBJsonStreamWriterAccumulator.m in Sources */,
				78372F0616C7AAD500E1ED37 /* SBJsonStreamWriterState.m in Sources */,
				78372F0816C7AAD500E1ED37 /* SBJsonTokeniser.m in Sources */,
				78372F0A16C7AAD500E1ED37 /* SBJsonUTF8Stream.m in Sources */,
				78372F0C16C7AAD500E1ED37 /* SBJsonWriter.m in Sources */,
				781D6E7F16C8E95D0003BD09 /* SVProgressHUD.m in Sources */,
				78B70A7416CA8E2800AB7A28 /* JMImageCache.m in Sources */,
				78B70A7616CA8E2800AB7A28 /* UIImageView+JMImageCache.m in Sources */,
			);
			runOnlyForDeploymentPostprocessing = 0;
		};
/* End PBXSourcesBuildPhase section */

/* Begin PBXTargetDependency section */
		7869FFE11698023900E11631 /* PBXTargetDependency */ = {
			isa = PBXTargetDependency;
			target = 7869FFB91698023800E11631 /* saturator-app-iphone */;
			targetProxy = 7869FFE01698023900E11631 /* PBXContainerItemProxy */;
		};
/* End PBXTargetDependency section */

/* Begin PBXVariantGroup section */
		7869FFC71698023900E11631 /* InfoPlist.strings */ = {
			isa = PBXVariantGroup;
			children = (
				7869FFC81698023900E11631 /* en */,
			);
			name = InfoPlist.strings;
			sourceTree = "<group>";
		};
		7869FFE51698023900E11631 /* InfoPlist.strings */ = {
			isa = PBXVariantGroup;
			children = (
				7869FFE61698023900E11631 /* en */,
			);
			name = InfoPlist.strings;
			sourceTree = "<group>";
		};
/* End PBXVariantGroup section */

/* Begin XCBuildConfiguration section */
		7869FFEB1698023900E11631 /* Debug */ = {
			isa = XCBuildConfiguration;
			buildSettings = {
				ALWAYS_SEARCH_USER_PATHS = NO;
				CLANG_CXX_LANGUAGE_STANDARD = "gnu++0x";
				CLANG_CXX_LIBRARY = "libc++";
				CLANG_ENABLE_OBJC_ARC = YES;
				CLANG_WARN_EMPTY_BODY = YES;
				CLANG_WARN__DUPLICATE_METHOD_MATCH = YES;
				"CODE_SIGN_IDENTITY[sdk=iphoneos*]" = "iPhone Developer";
				COPY_PHASE_STRIP = NO;
				GCC_C_LANGUAGE_STANDARD = gnu99;
				GCC_DYNAMIC_NO_PIC = NO;
				GCC_OPTIMIZATION_LEVEL = 0;
				GCC_PREPROCESSOR_DEFINITIONS = (
					"DEBUG=1",
					"$(inherited)",
				);
				GCC_SYMBOLS_PRIVATE_EXTERN = NO;
				GCC_WARN_ABOUT_RETURN_TYPE = YES;
				GCC_WARN_UNINITIALIZED_AUTOS = YES;
				GCC_WARN_UNUSED_VARIABLE = YES;
				IPHONEOS_DEPLOYMENT_TARGET = 6.0;
				ONLY_ACTIVE_ARCH = YES;
				SDKROOT = iphoneos;
			};
			name = Debug;
		};
		7869FFEC1698023900E11631 /* Release */ = {
			isa = XCBuildConfiguration;
			buildSettings = {
				ALWAYS_SEARCH_USER_PATHS = NO;
				CLANG_CXX_LANGUAGE_STANDARD = "gnu++0x";
				CLANG_CXX_LIBRARY = "libc++";
				CLANG_ENABLE_OBJC_ARC = YES;
				CLANG_WARN_EMPTY_BODY = YES;
				CLANG_WARN__DUPLICATE_METHOD_MATCH = YES;
				"CODE_SIGN_IDENTITY[sdk=iphoneos*]" = "iPhone Developer";
				COPY_PHASE_STRIP = YES;
				GCC_C_LANGUAGE_STANDARD = gnu99;
				GCC_WARN_ABOUT_RETURN_TYPE = YES;
				GCC_WARN_UNINITIALIZED_AUTOS = YES;
				GCC_WARN_UNUSED_VARIABLE = YES;
				IPHONEOS_DEPLOYMENT_TARGET = 6.0;
				OTHER_CFLAGS = "-DNS_BLOCK_ASSERTIONS=1";
				SDKROOT = iphoneos;
				VALIDATE_PRODUCT = YES;
			};
			name = Release;
		};
		7869FFEE1698023900E11631 /* Debug */ = {
			isa = XCBuildConfiguration;
			buildSettings = {
				GCC_PRECOMPILE_PREFIX_HEADER = YES;
				GCC_PREFIX_HEADER = "saturator-app-iphone/saturator-app-iphone-Prefix.pch";
				INFOPLIST_FILE = "saturator-app-iphone/saturator-app-iphone-Info.plist";
				PRODUCT_NAME = "$(TARGET_NAME)";
				WRAPPER_EXTENSION = app;
			};
			name = Debug;
		};
		7869FFEF1698023900E11631 /* Release */ = {
			isa = XCBuildConfiguration;
			buildSettings = {
				GCC_PRECOMPILE_PREFIX_HEADER = YES;
				GCC_PREFIX_HEADER = "saturator-app-iphone/saturator-app-iphone-Prefix.pch";
				INFOPLIST_FILE = "saturator-app-iphone/saturator-app-iphone-Info.plist";
				PRODUCT_NAME = "$(TARGET_NAME)";
				WRAPPER_EXTENSION = app;
			};
			name = Release;
		};
		7869FFF11698023900E11631 /* Debug */ = {
			isa = XCBuildConfiguration;
			buildSettings = {
				BUNDLE_LOADER = "$(BUILT_PRODUCTS_DIR)/saturator-app-iphone.app/saturator-app-iphone";
				FRAMEWORK_SEARCH_PATHS = (
					"\"$(SDKROOT)/Developer/Library/Frameworks\"",
					"\"$(DEVELOPER_LIBRARY_DIR)/Frameworks\"",
				);
				GCC_PRECOMPILE_PREFIX_HEADER = YES;
				GCC_PREFIX_HEADER = "saturator-app-iphone/saturator-app-iphone-Prefix.pch";
				INFOPLIST_FILE = "saturator-app-iphoneTests/saturator-app-iphoneTests-Info.plist";
				PRODUCT_NAME = "$(TARGET_NAME)";
				TEST_HOST = "$(BUNDLE_LOADER)";
				WRAPPER_EXTENSION = octest;
			};
			name = Debug;
		};
		7869FFF21698023900E11631 /* Release */ = {
			isa = XCBuildConfiguration;
			buildSettings = {
				BUNDLE_LOADER = "$(BUILT_PRODUCTS_DIR)/saturator-app-iphone.app/saturator-app-iphone";
				FRAMEWORK_SEARCH_PATHS = (
					"\"$(SDKROOT)/Developer/Library/Frameworks\"",
					"\"$(DEVELOPER_LIBRARY_DIR)/Frameworks\"",
				);
				GCC_PRECOMPILE_PREFIX_HEADER = YES;
				GCC_PREFIX_HEADER = "saturator-app-iphone/saturator-app-iphone-Prefix.pch";
				INFOPLIST_FILE = "saturator-app-iphoneTests/saturator-app-iphoneTests-Info.plist";
				PRODUCT_NAME = "$(TARGET_NAME)";
				TEST_HOST = "$(BUNDLE_LOADER)";
				WRAPPER_EXTENSION = octest;
			};
			name = Release;
		};
/* End XCBuildConfiguration section */

/* Begin XCConfigurationList section */
		7869FFB41698023800E11631 /* Build configuration list for PBXProject "saturator-app-iphone" */ = {
			isa = XCConfigurationList;
			buildConfigurations = (
				7869FFEB1698023900E11631 /* Debug */,
				7869FFEC1698023900E11631 /* Release */,
			);
			defaultConfigurationIsVisible = 0;
			defaultConfigurationName = Release;
		};
		7869FFED1698023900E11631 /* Build configuration list for PBXNativeTarget "saturator-app-iphone" */ = {
			isa = XCConfigurationList;
			buildConfigurations = (
				7869FFEE1698023900E11631 /* Debug */,
				7869FFEF1698023900E11631 /* Release */,
			);
			defaultConfigurationIsVisible = 0;
			defaultConfigurationName = Release;
		};
		7869FFF01698023900E11631 /* Build configuration list for PBXNativeTarget "saturator-app-iphoneTests" */ = {
			isa = XCConfigurationList;
			buildConfigurations = (
				7869FFF11698023900E11631 /* Debug */,
				7869FFF21698023900E11631 /* Release */,
			);
			defaultConfigurationIsVisible = 0;
			defaultConfigurationName = Release;
		};
/* End XCConfigurationList section */
	};
	rootObject = 7869FFB11698023800E11631 /* Project object */;
}
